
Microsoft Visual Studio Solution File, Format Version 12.00
# Visual Studio Version 17
VisualStudioVersion = 17.2.32519.379
MinimumVisualStudioVersion = 10.0.40219.1
Project("{9A19103F-16F7-4668-BE54-9A1E7A4F7556}") = "PlaywrightTests", "PlaywrightTests.csproj", "{657EBC8C-5185-496B-B82C-8426DC318292}"
EndProject
Global
	GlobalSection(SolutionConfigurationPlatforms) = preSolution
		Debug|Any CPU = Debug|Any CPU
		Release|Any CPU = Release|Any CPU
	EndGlobalSection
	GlobalSection(ProjectConfigurationPlatforms) = postSolution
		{657EBC8C-5185-496B-B82C-8426DC318292}.Debug|Any CPU.ActiveCfg = Debug|Any CPU
		{657EBC8C-5185-496B-B82C-8426DC318292}.Debug|Any CPU.Build.0 = Debug|Any CPU
		{657EBC8C-5185-496B-B82C-8426DC318292}.Release|Any CPU.ActiveCfg = Release|Any CPU
		{657EBC8C-5185-496B-B82C-8426DC318292}.Release|Any CPU.Build.0 = Release|Any CPU
	EndGlobalSection
	GlobalSection(SolutionProperties) = preSolution
		HideSolutionNode = FALSE
	EndGlobalSection
	GlobalSection(ExtensibilityGlobals) = postSolution
		SolutionGuid = {CE9934BE-396A-4EB6-B005-D84B1E7B6B27}
	EndGlobalSection
EndGlobal
